
Microsoft Visual Studio Solution File, Format Version 12.00
# Visual Studio Version 16
VisualStudioVersion = 16.0.29306.81
MinimumVisualStudioVersion = 10.0.40219.1
Project("{FAE04EC0-301F-11D3-BF4B-00C04F79EFBC}") = "АрхПрог", "АрхПрог1\АрхПрог.csproj", "{260129E4-E593-4002-85FC-7E7D74D547AB}"
EndProject
Global
	GlobalSection(SolutionConfigurationPlatforms) = preSolution
		Debug|Any CPU = Debug|Any CPU
		Release|Any CPU = Release|Any CPU
	EndGlobalSection
	GlobalSection(ProjectConfigurationPlatforms) = postSolution
		{260129E4-E593-4002-85FC-7E7D74D547AB}.Debug|Any CPU.ActiveCfg = Debug|Any CPU
		{260129E4-E593-4002-85FC-7E7D74D547AB}.Debug|Any CPU.Build.0 = Debug|Any CPU
		{260129E4-E593-4002-85FC-7E7D74D547AB}.Release|Any CPU.ActiveCfg = Release|Any CPU
		{260129E4-E593-4002-85FC-7E7D74D547AB}.Release|Any CPU.Build.0 = Release|Any CPU
	EndGlobalSection
	GlobalSection(SolutionProperties) = preSolution
		HideSolutionNode = FALSE
	EndGlobalSection
	GlobalSection(ExtensibilityGlobals) = postSolution
		SolutionGuid = {F149AAF5-CEA0-4951-BDF0-2167C5FCA1C4}
	EndGlobalSection
EndGlobal
